Microsoft Visual Studio Solution File, Format Version 12.00
# Visual Studio Version 17
VisualStudioVersion = 17.0.31903.59
MinimumVisualStudioVersion = 10.0.40219.1
Project("{FAE04EC0-301F-11D3-BF4B-00C04F79EFBC}") = "NEAT", "NEAT.csproj", "{DA10F8E6-0F42-4E9F-8E8F-16DC36B3B1F7}"
EndProject
Project("{FAE04EC0-301F-11D3-BF4B-00C04F79EFBC}") = "SimpleNEAT.Sample", "SimpleNEAT.Sample\SimpleNEAT.Sample.csproj", "{98FC8F55-B6A9-4CA3-8DF4-1D4D7A35C374}"
EndProject
Global
	GlobalSection(SolutionConfigurationPlatforms) = preSolution
		Debug|Any CPU = Debug|Any CPU
		Release|Any CPU = Release|Any CPU
	EndGlobalSection
	GlobalSection(SolutionProperties) = preSolution
		HideSolutionNode = FALSE
	EndGlobalSection
	GlobalSection(ProjectConfigurationPlatforms) = postSolution
		{DA10F8E6-0F42-4E9F-8E8F-16DC36B3B1F7}.Debug|Any CPU.ActiveCfg = Debug|Any CPU
		{DA10F8E6-0F42-4E9F-8E8F-16DC36B3B1F7}.Debug|Any CPU.Build.0 = Debug|Any CPU
		{DA10F8E6-0F42-4E9F-8E8F-16DC36B3B1F7}.Release|Any CPU.ActiveCfg = Release|Any CPU
		{DA10F8E6-0F42-4E9F-8E8F-16DC36B3B1F7}.Release|Any CPU.Build.0 = Release|Any CPU
		{98FC8F55-B6A9-4CA3-8DF4-1D4D7A35C374}.Debug|Any CPU.ActiveCfg = Debug|Any CPU
		{98FC8F55-B6A9-4CA3-8DF4-1D4D7A35C374}.Debug|Any CPU.Build.0 = Debug|Any CPU
		{98FC8F55-B6A9-4CA3-8DF4-1D4D7A35C374}.Release|Any CPU.ActiveCfg = Release|Any CPU
		{98FC8F55-B6A9-4CA3-8DF4-1D4D7A35C374}.Release|Any CPU.Build.0 = Release|Any CPU
	EndGlobalSection
EndGlobal 